// !$*UTF8*$!
{
	archiveVersion = 1;
	classes = {
	};
	objectVersion = 46;
	objects = {

/* Begin PBXBuildFile section */
		3B68EA831A52FFE3003F3715 /* AppDelegate.swift in Sources */ = {isa = PBXBuildFile; fileRef = 3B68EA821A52FFE3003F3715 /* AppDelegate.swift */; };
		3B68EA851A52FFE3003F3715 /* ViewController.swift in Sources */ = {isa = PBXBuildFile; fileRef = 3B68EA841A52FFE3003F3715 /* ViewController.swift */; };
		3B68EA881A52FFE3003F3715 /* Main.storyboard in Resources */ = {isa = PBXBuildFile; fileRef = 3B68EA861A52FFE3003F3715 /* Main.storyboard */; };
		3B68EA8A1A52FFE3003F3715 /* Images.xcassets in Resources */ = {isa = PBXBuildFile; fileRef = 3B68EA891A52FFE3003F3715 /* Images.xcassets */; };
		3B68EA8D1A52FFE3003F3715 /* LaunchScreen.xib in Resources */ = {isa = PBXBuildFile; fileRef = 3B68EA8B1A52FFE3003F3715 /* LaunchScreen.xib */; };
		3B68EA991A52FFE3003F3715 /* EXPA_APPTests.swift in Sources */ = {isa = PBXBuildFile; fileRef = 3B68EA981A52FFE3003F3715 /* EXPA_APPTests.swift */; };
		3BBCCB811A5ABF6D00D8BA3D /* test.swift in Sources */ = {isa = PBXBuildFile; fileRef = 3BBCCB801A5ABF6D00D8BA3D /* test.swift */; };
		3BBCCBA01A5AC84C00D8BA3D /* SwiftHTTP.framework in Frameworks */ = {isa = PBXBuildFile; fileRef = 3BBCCB991A5AC82900D8BA3D /* SwiftHTTP.framework */; };
/* End PBXBuildFile section */

/* Begin PBXContainerItemProxy section */
		3B68EA931A52FFE3003F3715 /* PBXContainerItemProxy */ = {
			isa = PBXContainerItemProxy;
			containerPortal = 3B68EA751A52FFE3003F3715 /* Project object */;
			proxyType = 1;
			remoteGlobalIDString = 3B68EA7C1A52FFE3003F3715;
			remoteInfo = "EXPA-APP";
		};
		3BBCCB981A5AC82900D8BA3D /* PBXContainerItemProxy */ = {
			isa = PBXContainerItemProxy;
			containerPortal = 3BBCCB911A5AC82800D8BA3D /* SwiftHTTP.xcodeproj */;
			proxyType = 2;
			remoteGlobalIDString = 6BFD901619C8D8B500DD99B6;
			remoteInfo = SwiftHTTP;
		};
		3BBCCB9A1A5AC82900D8BA3D /* PBXContainerItemProxy */ = {
			isa = PBXContainerItemProxy;
			containerPortal = 3BBCCB911A5AC82800D8BA3D /* SwiftHTTP.xcodeproj */;
			proxyType = 2;
			remoteGlobalIDString = 6BFD902119C8D8B500DD99B6;
			remoteInfo = SwiftHTTPTests;
		};
		3BBCCB9C1A5AC82900D8BA3D /* PBXContainerItemProxy */ = {
			isa = PBXContainerItemProxy;
			containerPortal = 3BBCCB911A5AC82800D8BA3D /* SwiftHTTP.xcodeproj */;
			proxyType = 2;
			remoteGlobalIDString = D958025919E6EEEB003C8218;
			remoteInfo = SwiftHTTPOSX;
		};
		3BBCCB9E1A5AC82900D8BA3D /* PBXContainerItemProxy */ = {
			isa = PBXContainerItemProxy;
			containerPortal = 3BBCCB911A5AC82800D8BA3D /* SwiftHTTP.xcodeproj */;
			proxyType = 2;
			remoteGlobalIDString = D958026319E6EEEB003C8218;
			remoteInfo = SwiftHTTPOSXTests;
		};
/* End PBXContainerItemProxy section */

/* Begin PBXFileReference section */
		3B68EA7D1A52FFE3003F3715 /* EXPA-APP.app */ = {isa = PBXFileReference; explicitFileType = wrapper.application; includeInIndex = 0; path = "EXPA-APP.app"; sourceTree = BUILT_PRODUCTS_DIR; };
		3B68EA811A52FFE3003F3715 /* Info.plist */ = {isa = PBXFileReference; lastKnownFileType = text.plist.xml; path = Info.plist; sourceTree = "<group>"; };
		3B68EA821A52FFE3003F3715 /* AppDelegate.swift */ = {isa = PBXFileReference; lastKnownFileType = sourcecode.swift; path = AppDelegate.swift; sourceTree = "<group>"; };
		3B68EA841A52FFE3003F3715 /* ViewController.swift */ = {isa = PBXFileReference; lastKnownFileType = sourcecode.swift; path = ViewController.swift; sourceTree = "<group>"; };
		3B68EA871A52FFE3003F3715 /* Base */ = {isa = PBXFileReference; lastKnownFileType = file.storyboard; name = Base; path = Base.lproj/Main.storyboard; sourceTree = "<group>"; };
		3B68EA891A52FFE3003F3715 /* Images.xcassets */ = {isa = PBXFileReference; lastKnownFileType = folder.assetcatalog; path = Images.xcassets; sourceTree = "<group>"; };
		3B68EA8C1A52FFE3003F3715 /* Base */ = {isa = PBXFileReference; lastKnownFileType = file.xib; name = Base; path = Base.lproj/LaunchScreen.xib; sourceTree = "<group>"; };
		3B68EA921A52FFE3003F3715 /* EXPA-APPTests.xctest */ = {isa = PBXFileReference; explicitFileType = wrapper.cfbundle; includeInIndex = 0; path = "EXPA-APPTests.xctest"; sourceTree = BUILT_PRODUCTS_DIR; };
		3B68EA971A52FFE3003F3715 /* Info.plist */ = {isa = PBXFileReference; lastKnownFileType = text.plist.xml; path = Info.plist; sourceTree = "<group>"; };
		3B68EA981A52FFE3003F3715 /* EXPA_APPTests.swift */ = {isa = PBXFileReference; lastKnownFileType = sourcecode.swift; path = EXPA_APPTests.swift; sourceTree = "<group>"; };
		3BBCCB801A5ABF6D00D8BA3D /* test.swift */ = {isa = PBXFileReference; fileEncoding = 4; lastKnownFileType = sourcecode.swift; path = test.swift; sourceTree = "<group>"; };
		3BBCCB911A5AC82800D8BA3D /* SwiftHTTP.xcodeproj */ = {isa = PBXFileReference; lastKnownFileType = "wrapper.pb-project"; name = SwiftHTTP.xcodeproj; path = "../../Downloads/SwiftHTTP-master/SwiftHTTP.xcodeproj"; sourceTree = "<group>"; };
/* End PBXFileReference section */

/* Begin PBXFrameworksBuildPhase section */
		3B68EA7A1A52FFE3003F3715 /* Frameworks */ = {
			isa = PBXFrameworksBuildPhase;
			buildActionMask = 2147483647;
			files = (
				3BBCCBA01A5AC84C00D8BA3D /* SwiftHTTP.framework in Frameworks */,
			);
			runOnlyForDeploymentPostprocessing = 0;
		};
		3B68EA8F1A52FFE3003F3715 /* Frameworks */ = {
			isa = PBXFrameworksBuildPhase;
			buildActionMask = 2147483647;
			files = (
			);
			runOnlyForDeploymentPostprocessing = 0;
		};
/* End PBXFrameworksBuildPhase section */

/* Begin PBXGroup section */
		3B68EA741A52FFE3003F3715 = {
			isa = PBXGroup;
			children = (
				3BBCCB911A5AC82800D8BA3D /* SwiftHTTP.xcodeproj */,
				3B68EA7F1A52FFE3003F3715 /* EXPA-APP */,
				3B68EA951A52FFE3003F3715 /* EXPA-APPTests */,
				3B68EA7E1A52FFE3003F3715 /* Products */,
			);
			sourceTree = "<group>";
		};
		3B68EA7E1A52FFE3003F3715 /* Products */ = {
			isa = PBXGroup;
			children = (
				3B68EA7D1A52FFE3003F3715 /* EXPA-APP.app */,
				3B68EA921A52FFE3003F3715 /* EXPA-APPTests.xctest */,
			);
			name = Products;
			sourceTree = "<group>";
		};
		3B68EA7F1A52FFE3003F3715 /* EXPA-APP */ = {
			isa = PBXGroup;
			children = (
				3B68EA821A52FFE3003F3715 /* AppDelegate.swift */,
				3B68EA841A52FFE3003F3715 /* ViewController.swift */,
				3B68EA861A52FFE3003F3715 /* Main.storyboard */,
				3B68EA891A52FFE3003F3715 /* Images.xcassets */,
				3B68EA8B1A52FFE3003F3715 /* LaunchScreen.xib */,
				3B68EA801A52FFE3003F3715 /* Supporting Files */,
				3BBCCB801A5ABF6D00D8BA3D /* test.swift */,
			);
			path = "EXPA-APP";
			sourceTree = "<group>";
		};
		3B68EA801A52FFE3003F3715 /* Supporting Files */ = {
			isa = PBXGroup;
			children = (
				3B68EA811A52FFE3003F3715 /* Info.plist */,
			);
			name = "Supporting Files";
			sourceTree = "<group>";
		};
		3B68EA951A52FFE3003F3715 /* EXPA-APPTests */ = {
			isa = PBXGroup;
			children = (
				3B68EA981A52FFE3003F3715 /* EXPA_APPTests.swift */,
				3B68EA961A52FFE3003F3715 /* Supporting Files */,
			);
			path = "EXPA-APPTests";
			sourceTree = "<group>";
		};
		3B68EA961A52FFE3003F3715 /* Supporting Files */ = {
			isa = PBXGroup;
			children = (
				3B68EA971A52FFE3003F3715 /* Info.plist */,
			);
			name = "Supporting Files";
			sourceTree = "<group>";
		};
		3BBCCB921A5AC82800D8BA3D /* Products */ = {
			isa = PBXGroup;
			children = (
				3BBCCB991A5AC82900D8BA3D /* SwiftHTTP.framework */,
				3BBCCB9B1A5AC82900D8BA3D /* SwiftHTTPTests.xctest */,
				3BBCCB9D1A5AC82900D8BA3D /* SwiftHTTPOSX.framework */,
				3BBCCB9F1A5AC82900D8BA3D /* SwiftHTTPOSXTests.xctest */,
			);
			name = Products;
			sourceTree = "<group>";
		};
/* End PBXGroup section */

/* Begin PBXNativeTarget section */
		3B68EA7C1A52FFE3003F3715 /* EXPA-APP */ = {
			isa = PBXNativeTarget;
			buildConfigurationList = 3B68EA9C1A52FFE3003F3715 /* Build configuration list for PBXNativeTarget "EXPA-APP" */;
			buildPhases = (
				3B68EA791A52FFE3003F3715 /* Sources */,
				3B68EA7A1A52FFE3003F3715 /* Frameworks */,
				3B68EA7B1A52FFE3003F3715 /* Resources */,
			);
			buildRules = (
			);
			dependencies = (
			);
			name = "EXPA-APP";
			productName = "EXPA-APP";
			productReference = 3B68EA7D1A52FFE3003F3715 /* EXPA-APP.app */;
			productType = "com.apple.product-type.application";
		};
		3B68EA911A52FFE3003F3715 /* EXPA-APPTests */ = {
			isa = PBXNativeTarget;
			buildConfigurationList = 3B68EA9F1A52FFE3003F3715 /* Build configuration list for PBXNativeTarget "EXPA-APPTests" */;
			buildPhases = (
				3B68EA8E1A52FFE3003F3715 /* Sources */,
				3B68EA8F1A52FFE3003F3715 /* Frameworks */,
				3B68EA901A52FFE3003F3715 /* Resources */,
			);
			buildRules = (
			);
			dependencies = (
				3B68EA941A52FFE3003F3715 /* PBXTargetDependency */,
			);
			name = "EXPA-APPTests";
			productName = "EXPA-APPTests";
			productReference = 3B68EA921A52FFE3003F3715 /* EXPA-APPTests.xctest */;
			productType = "com.apple.product-type.bundle.unit-test";
		};
/* End PBXNativeTarget section */

/* Begin PBXProject section */
		3B68EA751A52FFE3003F3715 /* Project object */ = {
			isa = PBXProject;
			attributes = {
				LastUpgradeCheck = 0600;
				ORGANIZATIONNAME = "AIESEC-EXPA";
				TargetAttributes = {
					3B68EA7C1A52FFE3003F3715 = {
						CreatedOnToolsVersion = 6.0.1;
						DevelopmentTeam = YR7449BDMN;
					};
					3B68EA911A52FFE3003F3715 = {
						CreatedOnToolsVersion = 6.0.1;
						TestTargetID = 3B68EA7C1A52FFE3003F3715;
					};
				};
			};
			buildConfigurationList = 3B68EA781A52FFE3003F3715 /* Build configuration list for PBXProject "EXPA-APP" */;
			compatibilityVersion = "Xcode 3.2";
			developmentRegion = English;
			hasScannedForEncodings = 0;
			knownRegions = (
				en,
				Base,
			);
			mainGroup = 3B68EA741A52FFE3003F3715;
			productRefGroup = 3B68EA7E1A52FFE3003F3715 /* Products */;
			projectDirPath = "";
			projectReferences = (
				{
					ProductGroup = 3BBCCB921A5AC82800D8BA3D /* Products */;
					ProjectRef = 3BBCCB911A5AC82800D8BA3D /* SwiftHTTP.xcodeproj */;
				},
			);
			projectRoot = "";
			targets = (
				3B68EA7C1A52FFE3003F3715 /* EXPA-APP */,
				3B68EA911A52FFE3003F3715 /* EXPA-APPTests */,
			);
		};
/* End PBXProject section */

/* Begin PBXReferenceProxy section */
		3BBCCB991A5AC82900D8BA3D /* SwiftHTTP.framework */ = {
			isa = PBXReferenceProxy;
			fileType = wrapper.framework;
			path = SwiftHTTP.framework;
			remoteRef = 3BBCCB981A5AC82900D8BA3D /* PBXContainerItemProxy */;
			sourceTree = BUILT_PRODUCTS_DIR;
		};
		3BBCCB9B1A5AC82900D8BA3D /* SwiftHTTPTests.xctest */ = {
			isa = PBXReferenceProxy;
			fileType = wrapper.cfbundle;
			path = SwiftHTTPTests.xctest;
			remoteRef = 3BBCCB9A1A5AC82900D8BA3D /* PBXContainerItemProxy */;
			sourceTree = BUILT_PRODUCTS_DIR;
		};
		3BBCCB9D1A5AC82900D8BA3D /* SwiftHTTPOSX.framework */ = {
			isa = PBXReferenceProxy;
			fileType = wrapper.framework;
			path = SwiftHTTPOSX.framework;
			remoteRef = 3BBCCB9C1A5AC82900D8BA3D /* PBXContainerItemProxy */;
			sourceTree = BUILT_PRODUCTS_DIR;
		};
		3BBCCB9F1A5AC82900D8BA3D /* SwiftHTTPOSXTests.xctest */ = {
			isa = PBXReferenceProxy;
			fileType = wrapper.cfbundle;
			path = SwiftHTTPOSXTests.xctest;
			remoteRef = 3BBCCB9E1A5AC82900D8BA3D /* PBXContainerItemProxy */;
			sourceTree = BUILT_PRODUCTS_DIR;
		};
/* End PBXReferenceProxy section */

/* Begin PBXResourcesBuildPhase section */
		3B68EA7B1A52FFE3003F3715 /* Resources */ = {
			isa = PBXResourcesBuildPhase;
			buildActionMask = 2147483647;
			files = (
				3B68EA881A52FFE3003F3715 /* Main.storyboard in Resources */,
				3B68EA8D1A52FFE3003F3715 /* LaunchScreen.xib in Resources */,
				3B68EA8A1A52FFE3003F3715 /* Images.xcassets in Resources */,
			);
			runOnlyForDeploymentPostprocessing = 0;
		};
		3B68EA901A52FFE3003F3715 /* Resources */ = {
			isa = PBXResourcesBuildPhase;
			buildActionMask = 2147483647;
			files = (
			);
			runOnlyForDeploymentPostprocessing = 0;
		};
/* End PBXResourcesBuildPhase section */

/* Begin PBXSourcesBuildPhase section */
		3B68EA791A52FFE3003F3715 /* Sources */ = {
			isa = PBXSourcesBuildPhase;
			buildActionMask = 2147483647;
			files = (
				3B68EA851A52FFE3003F3715 /* ViewController.swift in Sources */,
				3BBCCB811A5ABF6D00D8BA3D /* test.swift in Sources */,
				3B68EA831A52FFE3003F3715 /* AppDelegate.swift in Sources */,
			);
			runOnlyForDeploymentPostprocessing = 0;
		};
		3B68EA8E1A52FFE3003F3715 /* Sources */ = {
			isa = PBXSourcesBuildPhase;
			buildActionMask = 2147483647;
			files = (
				3B68EA991A52FFE3003F3715 /* EXPA_APPTests.swift in Sources */,
			);
			runOnlyForDeploymentPostprocessing = 0;
		};
/* End PBXSourcesBuildPhase section */

/* Begin PBXTargetDependency section */
		3B68EA941A52FFE3003F3715 /* PBXTargetDependency */ = {
			isa = PBXTargetDependency;
			target = 3B68EA7C1A52FFE3003F3715 /* EXPA-APP */;
			targetProxy = 3B68EA931A52FFE3003F3715 /* PBXContainerItemProxy */;
		};
/* End PBXTargetDependency section */

/* Begin PBXVariantGroup section */
		3B68EA861A52FFE3003F3715 /* Main.storyboard */ = {
			isa = PBXVariantGroup;
			children = (
				3B68EA871A52FFE3003F3715 /* Base */,
			);
			name = Main.storyboard;
			sourceTree = "<group>";
		};
		3B68EA8B1A52FFE3003F3715 /* LaunchScreen.xib */ = {
			isa = PBXVariantGroup;
			children = (
				3B68EA8C1A52FFE3003F3715 /* Base */,
			);
			name = LaunchScreen.xib;
			sourceTree = "<group>";
		};
/* End PBXVariantGroup section */

/* Begin XCBuildConfiguration section */
		3B68EA9A1A52FFE3003F3715 /* Debug */ = {
			isa = XCBuildConfiguration;
			buildSettings = {
				ALWAYS_SEARCH_USER_PATHS = NO;
				CLANG_CXX_LANGUAGE_STANDARD = "gnu++0x";
				CLANG_CXX_LIBRARY = "libc++";
				CLANG_ENABLE_MODULES = YES;
				CLANG_ENABLE_OBJC_ARC = YES;
				CLANG_WARN_BOOL_CONVERSION = YES;
				CLANG_WARN_CONSTANT_CONVERSION = YES;
				CLANG_WARN_DIRECT_OBJC_ISA_USAGE = YES_ERROR;
				CLANG_WARN_EMPTY_BODY = YES;
				CLANG_WARN_ENUM_CONVERSION = YES;
				CLANG_WARN_INT_CONVERSION = YES;
				CLANG_WARN_OBJC_ROOT_CLASS = YES_ERROR;
				CLANG_WARN_UNREACHABLE_CODE = YES;
				CLANG_WARN__DUPLICATE_METHOD_MATCH = YES;
				"CODE_SIGN_IDENTITY[sdk=iphoneos*]" = "iPhone Developer";
				COPY_PHASE_STRIP = NO;
				ENABLE_STRICT_OBJC_MSGSEND = YES;
				GCC_C_LANGUAGE_STANDARD = gnu99;
				GCC_DYNAMIC_NO_PIC = NO;
				GCC_OPTIMIZATION_LEVEL = 0;
				GCC_PREPROCESSOR_DEFINITIONS = (
					"DEBUG=1",
					"$(inherited)",
				);
				GCC_SYMBOLS_PRIVATE_EXTERN = NO;
				GCC_WARN_64_TO_32_BIT_CONVERSION = YES;
				GCC_WARN_ABOUT_RETURN_TYPE = YES_ERROR;
				GCC_WARN_UNDECLARED_SELECTOR = YES;
				GCC_WARN_UNINITIALIZED_AUTOS = YES_AGGRESSIVE;
				GCC_WARN_UNUSED_FUNCTION = YES;
				GCC_WARN_UNUSED_VARIABLE = YES;
				IPHONEOS_DEPLOYMENT_TARGET = 8.0;
				MTL_ENABLE_DEBUG_INFO = YES;
				ONLY_ACTIVE_ARCH = YES;
				SDKROOT = iphoneos;
				SWIFT_OPTIMIZATION_LEVEL = "-Onone";
			};
			name = Debug;
		};
		3B68EA9B1A52FFE3003F3715 /* Release */ = {
			isa = XCBuildConfiguration;
			buildSettings = {
				ALWAYS_SEARCH_USER_PATHS = NO;
				CLANG_CXX_LANGUAGE_STANDARD = "gnu++0x";
				CLANG_CXX_LIBRARY = "libc++";
				CLANG_ENABLE_MODULES = YES;
				CLANG_ENABLE_OBJC_ARC = YES;
				CLANG_WARN_BOOL_CONVERSION = YES;
				CLANG_WARN_CONSTANT_CONVERSION = YES;
				CLANG_WARN_DIRECT_OBJC_ISA_USAGE = YES_ERROR;
				CLANG_WARN_EMPTY_BODY = YES;
				CLANG_WARN_ENUM_CONVERSION = YES;
				CLANG_WARN_INT_CONVERSION = YES;
				CLANG_WARN_OBJC_ROOT_CLASS = YES_ERROR;
				CLANG_WARN_UNREACHABLE_CODE = YES;
				CLANG_WARN__DUPLICATE_METHOD_MATCH = YES;
				"CODE_SIGN_IDENTITY[sdk=iphoneos*]" = "iPhone Developer";
				COPY_PHASE_STRIP = YES;
				ENABLE_NS_ASSERTIONS = NO;
				ENABLE_STRICT_OBJC_MSGSEND = YES;
				GCC_C_LANGUAGE_STANDARD = gnu99;
				GCC_WARN_64_TO_32_BIT_CONVERSION = YES;
				GCC_WARN_ABOUT_RETURN_TYPE = YES_ERROR;
				GCC_WARN_UNDECLARED_SELECTOR = YES;
				GCC_WARN_UNINITIALIZED_AUTOS = YES_AGGRESSIVE;
				GCC_WARN_UNUSED_FUNCTION = YES;
				GCC_WARN_UNUSED_VARIABLE = YES;
				IPHONEOS_DEPLOYMENT_TARGET = 8.0;
				MTL_ENABLE_DEBUG_INFO = NO;
				SDKROOT = iphoneos;
				VALIDATE_PRODUCT = YES;
			};
			name = Release;
		};
		3B68EA9D1A52FFE3003F3715 /* Debug */ = {
			isa = XCBuildConfiguration;
			buildSettings = {
				ASSETCATALOG_COMPILER_APPICON_NAME = AppIcon;
				CODE_SIGN_IDENTITY = "iPhone Developer";
				INFOPLIST_FILE = "EXPA-APP/Info.plist";
				IPHONEOS_DEPLOYMENT_TARGET = 8.1;
				LD_RUNPATH_SEARCH_PATHS = "$(inherited) @executable_path/Frameworks";
				PRODUCT_NAME = "EXPA-APP";
			};
			name = Debug;
		};
		3B68EA9E1A52FFE3003F3715 /* Release */ = {
			isa = XCBuildConfiguration;
			buildSettings = {
				ASSETCATALOG_COMPILER_APPICON_NAME = AppIcon;
				CODE_SIGN_IDENTITY = "iPhone Developer";
				INFOPLIST_FILE = "EXPA-APP/Info.plist";
				IPHONEOS_DEPLOYMENT_TARGET = 8.1;
				LD_RUNPATH_SEARCH_PATHS = "$(inherited) @executable_path/Frameworks";
				PRODUCT_NAME = "EXPA-APP";
			};
			name = Release;
		};
		3B68EAA01A52FFE3003F3715 /* Debug */ = {
			isa = XCBuildConfiguration;
			buildSettings = {
				BUNDLE_LOADER = "$(TEST_HOST)";
				FRAMEWORK_SEARCH_PATHS = (
					"$(SDKROOT)/Developer/Library/Frameworks",
					"$(inherited)",
				);
				GCC_PREPROCESSOR_DEFINITIONS = (
					"DEBUG=1",
					"$(inherited)",
				);
				INFOPLIST_FILE = "EXPA-APPTests/Info.plist";
				LD_RUNPATH_SEARCH_PATHS = "$(inherited) @executable_path/Frameworks @loader_path/Frameworks";
				PRODUCT_NAME = "$(TARGET_NAME)";
				TEST_HOST = "$(BUILT_PRODUCTS_DIR)/EXPA-APP.app/EXPA-APP";
			};
			name = Debug;
		};
		3B68EAA11A52FFE3003F3715 /* Release */ = {
			isa = XCBuildConfiguration;
			buildSettings = {
				BUNDLE_LOADER = "$(TEST_HOST)";
				FRAMEWORK_SEARCH_PATHS = (
					"$(SDKROOT)/Developer/Library/Frameworks",
					"$(inherited)",
				);
				INFOPLIST_FILE = "EXPA-APPTests/Info.plist";
				LD_RUNPATH_SEARCH_PATHS = "$(inherited) @executable_path/Frameworks @loader_path/Frameworks";
				PRODUCT_NAME = "$(TARGET_NAME)";
				TEST_HOST = "$(BUILT_PRODUCTS_DIR)/EXPA-APP.app/EXPA-APP";
			};
			name = Release;
		};
/* End XCBuildConfiguration section */

/* Begin XCConfigurationList section */
		3B68EA781A52FFE3003F3715 /* Build configuration list for PBXProject "EXPA-APP" */ = {
			isa = XCConfigurationList;
			buildConfigurations = (
				3B68EA9A1A52FFE3003F3715 /* Debug */,
				3B68EA9B1A52FFE3003F3715 /* Release */,
			);
			defaultConfigurationIsVisible = 0;
			defaultConfigurationName = Release;
		};
		3B68EA9C1A52FFE3003F3715 /* Build configuration list for PBXNativeTarget "EXPA-APP" */ = {
			isa = XCConfigurationList;
			buildConfigurations = (
				3B68EA9D1A52FFE3003F3715 /* Debug */,
				3B68EA9E1A52FFE3003F3715 /* Release */,
			);
			defaultConfigurationIsVisible = 0;
			defaultConfigurationName = Release;
		};
		3B68EA9F1A52FFE3003F3715 /* Build configuration list for PBXNativeTarget "EXPA-APPTests" */ = {
			isa = XCConfigurationList;
			buildConfigurations = (
				3B68EAA01A52FFE3003F3715 /* Debug */,
				3B68EAA11A52FFE3003F3715 /* Release */,
			);
			defaultConfigurationIsVisible = 0;
			defaultConfigurationName = Release;
		};
/* End XCConfigurationList section */
	};
	rootObject = 3B68EA751A52FFE3003F3715 /* Project object */;
}
